
Microsoft Visual Studio Solution File, Format Version 12.00
# Visual Studio Version 17
VisualStudioVersion = 17.14.36414.22 d17.14
MinimumVisualStudioVersion = 10.0.40219.1
Project("{FAE04EC0-301F-11D3-BF4B-00C04F79EFBC}") = "Orkideya", "Orkideya\Orkideya.csproj", "{019B73AB-4638-4396-8701-4C36DEE844CC}"
EndProject
Global
	GlobalSection(SolutionConfigurationPlatforms) = preSolution
		Debug|Any CPU = Debug|Any CPU
		Release|Any CPU = Release|Any CPU
	EndGlobalSection
	GlobalSection(ProjectConfigurationPlatforms) = postSolution
		{019B73AB-4638-4396-8701-4C36DEE844CC}.Debug|Any CPU.ActiveCfg = Debug|Any CPU
		{019B73AB-4638-4396-8701-4C36DEE844CC}.Debug|Any CPU.Build.0 = Debug|Any CPU
		{019B73AB-4638-4396-8701-4C36DEE844CC}.Release|Any CPU.ActiveCfg = Release|Any CPU
		{019B73AB-4638-4396-8701-4C36DEE844CC}.Release|Any CPU.Build.0 = Release|Any CPU
	EndGlobalSection
	GlobalSection(SolutionProperties) = preSolution
		HideSolutionNode = FALSE
	EndGlobalSection
	GlobalSection(ExtensibilityGlobals) = postSolution
		SolutionGuid = {7EFFF63F-D455-4323-81D1-AB1C489722A6}
	EndGlobalSection
EndGlobal
